
Microsoft Visual Studio Solution File, Format Version 12.00
# Visual Studio Version 17
VisualStudioVersion = 17.5.002.0
MinimumVisualStudioVersion = 10.0.40219.1
Project("{2150E333-8FDC-42A3-9474-1A3956D46DE8}") = "csharp-prep", "csharp-prep", "{4B9578F0-3898-42D9-90BD-F93C86425912}"
EndProject
Project("{9A19103F-16F7-4668-BE54-9A1E7A4F7556}") = "Prep1", "csharp-prep\Prep1\Prep1.csproj", "{B7DF0A04-2C9A-414A-8322-C619B6BD3319}"
EndProject
Project("{9A19103F-16F7-4668-BE54-9A1E7A4F7556}") = "Prep2", "csharp-prep\Prep2\Prep2.csproj", "{676EF09C-F52B-41F6-B4CF-A6125E09EF3A}"
EndProject
Project("{9A19103F-16F7-4668-BE54-9A1E7A4F7556}") = "Prep3", "csharp-prep\Prep3\Prep3.csproj", "{3083700C-D8B2-4A5D-989C-4FA875E193F6}"
EndProject
Project("{9A19103F-16F7-4668-BE54-9A1E7A4F7556}") = "Prep4", "csharp-prep\Prep4\Prep4.csproj", "{9CF94562-96E6-45A2-94BF-A850B1862889}"
EndProject
Project("{9A19103F-16F7-4668-BE54-9A1E7A4F7556}") = "Prep5", "csharp-prep\Prep5\Prep5.csproj", "{CA28E1B6-1EAC-4E22-88D4-E66967290B51}"
EndProject
Project("{2150E333-8FDC-42A3-9474-1A3956D46DE8}") = "final", "final", "{64389CFC-F990-4A33-B0E0-3D6EF5D0870F}"
EndProject
Project("{9A19103F-16F7-4668-BE54-9A1E7A4F7556}") = "FinalProject", "final\FinalProject\FinalProject.csproj", "{876E89EF-3502-4990-8E08-844FB774E43E}"
EndProject
Project("{9A19103F-16F7-4668-BE54-9A1E7A4F7556}") = "Foundation1", "final\Foundation1\Foundation1.csproj", "{33A0A626-06A6-4368-B897-B154D8F34B12}"
EndProject
Project("{9A19103F-16F7-4668-BE54-9A1E7A4F7556}") = "Foundation2", "final\Foundation2\Foundation2.csproj", "{AA3F15E9-E1B8-497B-A1D1-281071AAAB69}"
EndProject
Project("{9A19103F-16F7-4668-BE54-9A1E7A4F7556}") = "Foundation3", "final\Foundation3\Foundation3.csproj", "{C80830B9-9DE0-4BDB-B77C-9CEF12FD003E}"
EndProject
Project("{9A19103F-16F7-4668-BE54-9A1E7A4F7556}") = "Foundation4", "final\Foundation4\Foundation4.csproj", "{2DE6FC2E-4A38-43E5-88B6-4DFBC32A6B54}"
EndProject
Project("{2150E333-8FDC-42A3-9474-1A3956D46DE8}") = "prepare", "prepare", "{E3DBA4A4-75A6-43D9-9D8F-9311A555C366}"
EndProject
Project("{9A19103F-16F7-4668-BE54-9A1E7A4F7556}") = "Learning02", "prepare\Learning02\Learning02.csproj", "{7C18E3BD-2550-4BFD-AB92-0393D8711761}"
EndProject
Project("{9A19103F-16F7-4668-BE54-9A1E7A4F7556}") = "Learning03", "prepare\Learning03\Learning03.csproj", "{A33DD489-B355-41BA-AE0A-D11DCDB6150E}"
EndProject
Project("{9A19103F-16F7-4668-BE54-9A1E7A4F7556}") = "Learning04", "prepare\Learning04\Learning04.csproj", "{1F19F3E9-DDD3-4B09-B283-AA4B625B121B}"
EndProject
Project("{9A19103F-16F7-4668-BE54-9A1E7A4F7556}") = "Learning05", "prepare\Learning05\Learning05.csproj", "{20A26023-CFCF-44E5-A3FA-974C2E3903F9}"
EndProject
Project("{2150E333-8FDC-42A3-9474-1A3956D46DE8}") = "prove", "prove", "{AAC84AE6-DB6E-4444-AD72-5A2C0085514F}"
EndProject
Project("{9A19103F-16F7-4668-BE54-9A1E7A4F7556}") = "Develop02", "prove\Develop02\Develop02.csproj", "{B4536D91-3914-4B5C-9E3C-FD4130AFED9A}"
EndProject
Project("{9A19103F-16F7-4668-BE54-9A1E7A4F7556}") = "Develop03", "prove\Develop03\Develop03.csproj", "{33953454-821E-4E4F-9286-883A74FF1509}"
EndProject
Project("{9A19103F-16F7-4668-BE54-9A1E7A4F7556}") = "Develop04", "prove\Develop04\Develop04.csproj", "{4EAEC633-BBE1-44C9-BBE2-B6CD2BA16F97}"
EndProject
Project("{9A19103F-16F7-4668-BE54-9A1E7A4F7556}") = "Develop05", "prove\Develop05\Develop05.csproj", "{2520F4BB-B6C3-449E-B277-36A15D65E288}"
EndProject
Project("{2150E333-8FDC-42A3-9474-1A3956D46DE8}") = "sandbox", "sandbox", "{19FD1581-50CF-4175-B578-D051D0EAACED}"
EndProject
Project("{9A19103F-16F7-4668-BE54-9A1E7A4F7556}") = "Sandbox", "sandbox\Sandbox\Sandbox.csproj", "{F8B7BD0A-6172-4B94-80EF-6DF69611A996}"
EndProject
Global
	GlobalSection(SolutionConfigurationPlatforms) = preSolution
		Debug|Any CPU = Debug|Any CPU
		Release|Any CPU = Release|Any CPU
	EndGlobalSection
	GlobalSection(ProjectConfigurationPlatforms) = postSolution
		{B7DF0A04-2C9A-414A-8322-C619B6BD3319}.Debug|Any CPU.ActiveCfg = Debug|Any CPU
		{B7DF0A04-2C9A-414A-8322-C619B6BD3319}.Debug|Any CPU.Build.0 = Debug|Any CPU
		{B7DF0A04-2C9A-414A-8322-C619B6BD3319}.Release|Any CPU.ActiveCfg = Release|Any CPU
		{B7DF0A04-2C9A-414A-8322-C619B6BD3319}.Release|Any CPU.Build.0 = Release|Any CPU
		{676EF09C-F52B-41F6-B4CF-A6125E09EF3A}.Debug|Any CPU.ActiveCfg = Debug|Any CPU
		{676EF09C-F52B-41F6-B4CF-A6125E09EF3A}.Debug|Any CPU.Build.0 = Debug|Any CPU
		{676EF09C-F52B-41F6-B4CF-A6125E09EF3A}.Release|Any CPU.ActiveCfg = Release|Any CPU
		{676EF09C-F52B-41F6-B4CF-A6125E09EF3A}.Release|Any CPU.Build.0 = Release|Any CPU
		{3083700C-D8B2-4A5D-989C-4FA875E193F6}.Debug|Any CPU.ActiveCfg = Debug|Any CPU
		{3083700C-D8B2-4A5D-989C-4FA875E193F6}.Debug|Any CPU.Build.0 = Debug|Any CPU
		{3083700C-D8B2-4A5D-989C-4FA875E193F6}.Release|Any CPU.ActiveCfg = Release|Any CPU
		{3083700C-D8B2-4A5D-989C-4FA875E193F6}.Release|Any CPU.Build.0 = Release|Any CPU
		{9CF94562-96E6-45A2-94BF-A850B1862889}.Debug|Any CPU.ActiveCfg = Debug|Any CPU
		{9CF94562-96E6-45A2-94BF-A850B1862889}.Debug|Any CPU.Build.0 = Debug|Any CPU
		{9CF94562-96E6-45A2-94BF-A850B1862889}.Release|Any CPU.ActiveCfg = Release|Any CPU
		{9CF94562-96E6-45A2-94BF-A850B1862889}.Release|Any CPU.Build.0 = Release|Any CPU
		{CA28E1B6-1EAC-4E22-88D4-E66967290B51}.Debug|Any CPU.ActiveCfg = Debug|Any CPU
		{CA28E1B6-1EAC-4E22-88D4-E66967290B51}.Debug|Any CPU.Build.0 = Debug|Any CPU
		{CA28E1B6-1EAC-4E22-88D4-E66967290B51}.Release|Any CPU.ActiveCfg = Release|Any CPU
		{CA28E1B6-1EAC-4E22-88D4-E66967290B51}.Release|Any CPU.Build.0 = Release|Any CPU
		{876E89EF-3502-4990-8E08-844FB774E43E}.Debug|Any CPU.ActiveCfg = Debug|Any CPU
		{876E89EF-3502-4990-8E08-844FB774E43E}.Debug|Any CPU.Build.0 = Debug|Any CPU
		{876E89EF-3502-4990-8E08-844FB774E43E}.Release|Any CPU.ActiveCfg = Release|Any CPU
		{876E89EF-3502-4990-8E08-844FB774E43E}.Release|Any CPU.Build.0 = Release|Any CPU
		{33A0A626-06A6-4368-B897-B154D8F34B12}.Debug|Any CPU.ActiveCfg = Debug|Any CPU
		{33A0A626-06A6-4368-B897-B154D8F34B12}.Debug|Any CPU.Build.0 = Debug|Any CPU
		{33A0A626-06A6-4368-B897-B154D8F34B12}.Release|Any CPU.ActiveCfg = Release|Any CPU
		{33A0A626-06A6-4368-B897-B154D8F34B12}.Release|Any CPU.Build.0 = Release|Any CPU
		{AA3F15E9-E1B8-497B-A1D1-281071AAAB69}.Debug|Any CPU.ActiveCfg = Debug|Any CPU
		{AA3F15E9-E1B8-497B-A1D1-281071AAAB69}.Debug|Any CPU.Build.0 = Debug|Any CPU
		{AA3F15E9-E1B8-497B-A1D1-281071AAAB69}.Release|Any CPU.ActiveCfg = Release|Any CPU
		{AA3F15E9-E1B8-497B-A1D1-281071AAAB69}.Release|Any CPU.Build.0 = Release|Any CPU
		{C80830B9-9DE0-4BDB-B77C-9CEF12FD003E}.Debug|Any CPU.ActiveCfg = Debug|Any CPU
		{C80830B9-9DE0-4BDB-B77C-9CEF12FD003E}.Debug|Any CPU.Build.0 = Debug|Any CPU
		{C80830B9-9DE0-4BDB-B77C-9CEF12FD003E}.Release|Any CPU.ActiveCfg = Release|Any CPU
		{C80830B9-9DE0-4BDB-B77C-9CEF12FD003E}.Release|Any CPU.Build.0 = Release|Any CPU
		{2DE6FC2E-4A38-43E5-88B6-4DFBC32A6B54}.Debug|Any CPU.ActiveCfg = Debug|Any CPU
		{2DE6FC2E-4A38-43E5-88B6-4DFBC32A6B54}.Debug|Any CPU.Build.0 = Debug|Any CPU
		{2DE6FC2E-4A38-43E5-88B6-4DFBC32A6B54}.Release|Any CPU.ActiveCfg = Release|Any CPU
		{2DE6FC2E-4A38-43E5-88B6-4DFBC32A6B54}.Release|Any CPU.Build.0 = Release|Any CPU
		{7C18E3BD-2550-4BFD-AB92-0393D8711761}.Debug|Any CPU.ActiveCfg = Debug|Any CPU
		{7C18E3BD-2550-4BFD-AB92-0393D8711761}.Debug|Any CPU.Build.0 = Debug|Any CPU
		{7C18E3BD-2550-4BFD-AB92-0393D8711761}.Release|Any CPU.ActiveCfg = Release|Any CPU
		{7C18E3BD-2550-4BFD-AB92-0393D8711761}.Release|Any CPU.Build.0 = Release|Any CPU
		{A33DD489-B355-41BA-AE0A-D11DCDB6150E}.Debug|Any CPU.ActiveCfg = Debug|Any CPU
		{A33DD489-B355-41BA-AE0A-D11DCDB6150E}.Debug|Any CPU.Build.0 = Debug|Any CPU
		{A33DD489-B355-41BA-AE0A-D11DCDB6150E}.Release|Any CPU.ActiveCfg = Release|Any CPU
		{A33DD489-B355-41BA-AE0A-D11DCDB6150E}.Release|Any CPU.Build.0 = Release|Any CPU
		{1F19F3E9-DDD3-4B09-B283-AA4B625B121B}.Debug|Any CPU.ActiveCfg = Debug|Any CPU
		{1F19F3E9-DDD3-4B09-B283-AA4B625B121B}.Debug|Any CPU.Build.0 = Debug|Any CPU
		{1F19F3E9-DDD3-4B09-B283-AA4B625B121B}.Release|Any CPU.ActiveCfg = Release|Any CPU
		{1F19F3E9-DDD3-4B09-B283-AA4B625B121B}.Release|Any CPU.Build.0 = Release|Any CPU
		{20A26023-CFCF-44E5-A3FA-974C2E3903F9}.Debug|Any CPU.ActiveCfg = Debug|Any CPU
		{20A26023-CFCF-44E5-A3FA-974C2E3903F9}.Debug|Any CPU.Build.0 = Debug|Any CPU
		{20A26023-CFCF-44E5-A3FA-974C2E3903F9}.Release|Any CPU.ActiveCfg = Release|Any CPU
		{20A26023-CFCF-44E5-A3FA-974C2E3903F9}.Release|Any CPU.Build.0 = Release|Any CPU
		{B4536D91-3914-4B5C-9E3C-FD4130AFED9A}.Debug|Any CPU.ActiveCfg = Debug|Any CPU
		{B4536D91-3914-4B5C-9E3C-FD4130AFED9A}.Debug|Any CPU.Build.0 = Debug|Any CPU
		{B4536D91-3914-4B5C-9E3C-FD4130AFED9A}.Release|Any CPU.ActiveCfg = Release|Any CPU
		{B4536D91-3914-4B5C-9E3C-FD4130AFED9A}.Release|Any CPU.Build.0 = Release|Any CPU
		{33953454-821E-4E4F-9286-883A74FF1509}.Debug|Any CPU.ActiveCfg = Debug|Any CPU
		{33953454-821E-4E4F-9286-883A74FF1509}.Debug|Any CPU.Build.0 = Debug|Any CPU
		{33953454-821E-4E4F-9286-883A74FF1509}.Release|Any CPU.ActiveCfg = Release|Any CPU
		{33953454-821E-4E4F-9286-883A74FF1509}.Release|Any CPU.Build.0 = Release|Any CPU
		{4EAEC633-BBE1-44C9-BBE2-B6CD2BA16F97}.Debug|Any CPU.ActiveCfg = Debug|Any CPU
		{4EAEC633-BBE1-44C9-BBE2-B6CD2BA16F97}.Debug|Any CPU.Build.0 = Debug|Any CPU
		{4EAEC633-BBE1-44C9-BBE2-B6CD2BA16F97}.Release|Any CPU.ActiveCfg = Release|Any CPU
		{4EAEC633-BBE1-44C9-BBE2-B6CD2BA16F97}.Release|Any CPU.Build.0 = Release|Any CPU
		{2520F4BB-B6C3-449E-B277-36A15D65E288}.Debug|Any CPU.ActiveCfg = Debug|Any CPU
		{2520F4BB-B6C3-449E-B277-36A15D65E288}.Debug|Any CPU.Build.0 = Debug|Any CPU
		{2520F4BB-B6C3-449E-B277-36A15D65E288}.Release|Any CPU.ActiveCfg = Release|Any CPU
		{2520F4BB-B6C3-449E-B277-36A15D65E288}.Release|Any CPU.Build.0 = Release|Any CPU
		{F8B7BD0A-6172-4B94-80EF-6DF69611A996}.Debug|Any CPU.ActiveCfg = Debug|Any CPU
		{F8B7BD0A-6172-4B94-80EF-6DF69611A996}.Debug|Any CPU.Build.0 = Debug|Any CPU
		{F8B7BD0A-6172-4B94-80EF-6DF69611A996}.Release|Any CPU.ActiveCfg = Release|Any CPU
		{F8B7BD0A-6172-4B94-80EF-6DF69611A996}.Release|Any CPU.Build.0 = Release|Any CPU
	EndGlobalSection
	GlobalSection(SolutionProperties) = preSolution
		HideSolutionNode = FALSE
	EndGlobalSection
	GlobalSection(NestedProjects) = preSolution
		{B7DF0A04-2C9A-414A-8322-C619B6BD3319} = {4B9578F0-3898-42D9-90BD-F93C86425912}
		{676EF09C-F52B-41F6-B4CF-A6125E09EF3A} = {4B9578F0-3898-42D9-90BD-F93C86425912}
		{3083700C-D8B2-4A5D-989C-4FA875E193F6} = {4B9578F0-3898-42D9-90BD-F93C86425912}
		{9CF94562-96E6-45A2-94BF-A850B1862889} = {4B9578F0-3898-42D9-90BD-F93C86425912}
		{CA28E1B6-1EAC-4E22-88D4-E66967290B51} = {4B9578F0-3898-42D9-90BD-F93C86425912}
		{876E89EF-3502-4990-8E08-844FB774E43E} = {64389CFC-F990-4A33-B0E0-3D6EF5D0870F}
		{33A0A626-06A6-4368-B897-B154D8F34B12} = {64389CFC-F990-4A33-B0E0-3D6EF5D0870F}
		{AA3F15E9-E1B8-497B-A1D1-281071AAAB69} = {64389CFC-F990-4A33-B0E0-3D6EF5D0870F}
		{C80830B9-9DE0-4BDB-B77C-9CEF12FD003E} = {64389CFC-F990-4A33-B0E0-3D6EF5D0870F}
		{2DE6FC2E-4A38-43E5-88B6-4DFBC32A6B54} = {64389CFC-F990-4A33-B0E0-3D6EF5D0870F}
		{7C18E3BD-2550-4BFD-AB92-0393D8711761} = {E3DBA4A4-75A6-43D9-9D8F-9311A555C366}
		{A33DD489-B355-41BA-AE0A-D11DCDB6150E} = {E3DBA4A4-75A6-43D9-9D8F-9311A555C366}
		{1F19F3E9-DDD3-4B09-B283-AA4B625B121B} = {E3DBA4A4-75A6-43D9-9D8F-9311A555C366}
		{20A26023-CFCF-44E5-A3FA-974C2E3903F9} = {E3DBA4A4-75A6-43D9-9D8F-9311A555C366}
		{B4536D91-3914-4B5C-9E3C-FD4130AFED9A} = {AAC84AE6-DB6E-4444-AD72-5A2C0085514F}
		{33953454-821E-4E4F-9286-883A74FF1509} = {AAC84AE6-DB6E-4444-AD72-5A2C0085514F}
		{4EAEC633-BBE1-44C9-BBE2-B6CD2BA16F97} = {AAC84AE6-DB6E-4444-AD72-5A2C0085514F}
		{2520F4BB-B6C3-449E-B277-36A15D65E288} = {AAC84AE6-DB6E-4444-AD72-5A2C0085514F}
		{F8B7BD0A-6172-4B94-80EF-6DF69611A996} = {19FD1581-50CF-4175-B578-D051D0EAACED}
	EndGlobalSection
	GlobalSection(ExtensibilityGlobals) = postSolution
		SolutionGuid = {EDD8CE34-4C54-4E7E-BE69-DA47393B2C10}
	EndGlobalSection
EndGlobal
